// !$*UTF8*$!
{
	archiveVersion = 1;
	classes = {
	};
	objectVersion = 50;
	objects = {

/* Begin PBXBuildFile section */
		439ACE0125C1B98000B03BFB /* AppDelegate.swift in Sources */ = {isa = PBXBuildFile; fileRef = 439ACE0025C1B98000B03BFB /* AppDelegate.swift */; };
		439ACE0325C1B98000B03BFB /* SceneDelegate.swift in Sources */ = {isa = PBXBuildFile; fileRef = 439ACE0225C1B98000B03BFB /* SceneDelegate.swift */; };
		439ACE0525C1B98000B03BFB /* ContentView.swift in Sources */ = {isa = PBXBuildFile; fileRef = 439ACE0425C1B98000B03BFB /* ContentView.swift */; };
		439ACE0725C1B98100B03BFB /* Assets.xcassets in Resources */ = {isa = PBXBuildFile; fileRef = 439ACE0625C1B98100B03BFB /* Assets.xcassets */; };
		439ACE0A25C1B98100B03BFB /* Preview Assets.xcassets in Resources */ = {isa = PBXBuildFile; fileRef = 439ACE0925C1B98100B03BFB /* Preview Assets.xcassets */; };
		439ACE0D25C1B98100B03BFB /* LaunchScreen.storyboard in Resources */ = {isa = PBXBuildFile; fileRef = 439ACE0B25C1B98100B03BFB /* LaunchScreen.storyboard */; };
/* End PBXBuildFile section */

/* Begin PBXFileReference section */
		439ACDFD25C1B98000B03BFB /* Measurement.app */ = {isa = PBXFileReference; explicitFileType = wrapper.application; includeInIndex = 0; path = Measurement.app; sourceTree = BUILT_PRODUCTS_DIR; };
		439ACE0025C1B98000B03BFB /* AppDelegate.swift */ = {isa = PBXFileReference; lastKnownFileType = sourcecode.swift; path = AppDelegate.swift; sourceTree = "<group>"; };
		439ACE0225C1B98000B03BFB /* SceneDelegate.swift */ = {isa = PBXFileReference; lastKnownFileType = sourcecode.swift; path = SceneDelegate.swift; sourceTree = "<group>"; };
		439ACE0425C1B98000B03BFB /* ContentView.swift */ = {isa = PBXFileReference; lastKnownFileType = sourcecode.swift; path = ContentView.swift; sourceTree = "<group>"; };
		439ACE0625C1B98100B03BFB /* Assets.xcassets */ = {isa = PBXFileReference; lastKnownFileType = folder.assetcatalog; path = Assets.xcassets; sourceTree = "<group>"; };
		439ACE0925C1B98100B03BFB /* Preview Assets.xcassets */ = {isa = PBXFileReference; lastKnownFileType = folder.assetcatalog; path = "Preview Assets.xcassets"; sourceTree = "<group>"; };
		439ACE0C25C1B98100B03BFB /* Base */ = {isa = PBXFileReference; lastKnownFileType = file.storyboard; name = Base; path = Base.lproj/LaunchScreen.storyboard; sourceTree = "<group>"; };
		439ACE0E25C1B98100B03BFB /* Info.plist */ = {isa = PBXFileReference; lastKnownFileType = text.plist.xml; path = Info.plist; sourceTree = "<group>"; };
/* End PBXFileReference section */

/* Begin PBXFrameworksBuildPhase section */
		439ACDFA25C1B98000B03BFB /* Frameworks */ = {
			isa = PBXFrameworksBuildPhase;
			buildActionMask = 2147483647;
			files = (
			);
			runOnlyForDeploymentPostprocessing = 0;
		};
/* End PBXFrameworksBuildPhase section */

/* Begin PBXGroup section */
		439ACDF425C1B98000B03BFB = {
			isa = PBXGroup;
			children = (
				439ACDFF25C1B98000B03BFB /* Measurement */,
				439ACDFE25C1B98000B03BFB /* Products */,
			);
			sourceTree = "<group>";
		};
		439ACDFE25C1B98000B03BFB /* Products */ = {
			isa = PBXGroup;
			children = (
				439ACDFD25C1B98000B03BFB /* Measurement.app */,
			);
			name = Products;
			sourceTree = "<group>";
		};
		439ACDFF25C1B98000B03BFB /* Measurement */ = {
			isa = PBXGroup;
			children = (
				439ACE0025C1B98000B03BFB /* AppDelegate.swift */,
				439ACE0225C1B98000B03BFB /* SceneDelegate.swift */,
				439ACE0425C1B98000B03BFB /* ContentView.swift */,
				439ACE0625C1B98100B03BFB /* Assets.xcassets */,
				439ACE0B25C1B98100B03BFB /* LaunchScreen.storyboard */,
				439ACE0E25C1B98100B03BFB /* Info.plist */,
				439ACE0825C1B98100B03BFB /* Preview Content */,
			);
			path = Measurement;
			sourceTree = "<group>";
		};
		439ACE0825C1B98100B03BFB /* Preview Content */ = {
			isa = PBXGroup;
			children = (
				439ACE0925C1B98100B03BFB /* Preview Assets.xcassets */,
			);
			path = "Preview Content";
			sourceTree = "<group>";
		};
/* End PBXGroup section */

/* Begin PBXNativeTarget section */
		439ACDFC25C1B98000B03BFB /* Measurement */ = {
			isa = PBXNativeTarget;
			buildConfigurationList = 439ACE1125C1B98100B03BFB /* Build configuration list for PBXNativeTarget "Measurement" */;
			buildPhases = (
				439ACDF925C1B98000B03BFB /* Sources */,
				439ACDFA25C1B98000B03BFB /* Frameworks */,
				439ACDFB25C1B98000B03BFB /* Resources */,
			);
			buildRules = (
			);
			dependencies = (
			);
			name = Measurement;
			productName = Measurement;
			productReference = 439ACDFD25C1B98000B03BFB /* Measurement.app */;
			productType = "com.apple.product-type.application";
		};
/* End PBXNativeTarget section */

/* Begin PBXProject section */
		439ACDF525C1B98000B03BFB /* Project object */ = {
			isa = PBXProject;
			attributes = {
				LastSwiftUpdateCheck = 1170;
				LastUpgradeCheck = 1170;
				ORGANIZATIONNAME = "Adam Ahrens";
				TargetAttributes = {
					439ACDFC25C1B98000B03BFB = {
						CreatedOnToolsVersion = 11.7;
					};
				};
			};
			buildConfigurationList = 439ACDF825C1B98000B03BFB /* Build configuration list for PBXProject "Measurement" */;
			compatibilityVersion = "Xcode 9.3";
			developmentRegion = en;
			hasScannedForEncodings = 0;
			knownRegions = (
				en,
				Base,
			);
			mainGroup = 439ACDF425C1B98000B03BFB;
			productRefGroup = 439ACDFE25C1B98000B03BFB /* Products */;
			projectDirPath = "";
			projectRoot = "";
			targets = (
				439ACDFC25C1B98000B03BFB /* Measurement */,
			);
		};
/* End PBXProject section */

/* Begin PBXResourcesBuildPhase section */
		439ACDFB25C1B98000B03BFB /* Resources */ = {
			isa = PBXResourcesBuildPhase;
			buildActionMask = 2147483647;
			files = (
				439ACE0D25C1B98100B03BFB /* LaunchScreen.storyboard in Resources */,
				439ACE0A25C1B98100B03BFB /* Preview Assets.xcassets in Resources */,
				439ACE0725C1B98100B03BFB /* Assets.xcassets in Resources */,
			);
			runOnlyForDeploymentPostprocessing = 0;
		};
/* End PBXResourcesBuildPhase section */

/* Begin PBXSourcesBuildPhase section */
		439ACDF925C1B98000B03BFB /* Sources */ = {
			isa = PBXSourcesBuildPhase;
			buildActionMask = 2147483647;
			files = (
				439ACE0125C1B98000B03BFB /* AppDelegate.swift in Sources */,
				439ACE0325C1B98000B03BFB /* SceneDelegate.swift in Sources */,
				439ACE0525C1B98000B03BFB /* ContentView.swift in Sources */,
			);
			runOnlyForDeploymentPostprocessing = 0;
		};
/* End PBXSourcesBuildPhase section */

/* Begin PBXVariantGroup section */
		439ACE0B25C1B98100B03BFB /* LaunchScreen.storyboard */ = {
			isa = PBXVariantGroup;
			children = (
				439ACE0C25C1B98100B03BFB /* Base */,
			);
			name = LaunchScreen.storyboard;
			sourceTree = "<group>";
		};
/* End PBXVariantGroup section */

/* Begin XCBuildConfiguration section */
		439ACE0F25C1B98100B03BFB /* Debug */ = {
			isa = XCBuildConfiguration;
			buildSettings = {
				ALWAYS_SEARCH_USER_PATHS = NO;
				CLANG_ANALYZER_NONNULL = YES;
				CLANG_ANALYZER_NUMBER_OBJECT_CONVERSION = YES_AGGRESSIVE;
				CLANG_CXX_LANGUAGE_STANDARD = "gnu++14";
				CLANG_CXX_LIBRARY = "libc++";
				CLANG_ENABLE_MODULES = YES;
				CLANG_ENABLE_OBJC_ARC = YES;
				CLANG_ENABLE_OBJC_WEAK = YES;
				CLANG_WARN_BLOCK_CAPTURE_AUTORELEASING = YES;
				CLANG_WARN_BOOL_CONVERSION = YES;
				CLANG_WARN_COMMA = YES;
				CLANG_WARN_CONSTANT_CONVERSION = YES;
				CLANG_WARN_DEPRECATED_OBJC_IMPLEMENTATIONS = YES;
				CLANG_WARN_DIRECT_OBJC_ISA_USAGE = YES_ERROR;
				CLANG_WARN_DOCUMENTATION_COMMENTS = YES;
				CLANG_WARN_EMPTY_BODY = YES;
				CLANG_WARN_ENUM_CONVERSION = YES;
				CLANG_WARN_INFINITE_RECURSION = YES;
				CLANG_WARN_INT_CONVERSION = YES;
				CLANG_WARN_NON_LITERAL_NULL_CONVERSION = YES;
				CLANG_WARN_OBJC_IMPLICIT_RETAIN_SELF = YES;
				CLANG_WARN_OBJC_LITERAL_CONVERSION = YES;
				CLANG_WARN_OBJC_ROOT_CLASS = YES_ERROR;
				CLANG_WARN_RANGE_LOOP_ANALYSIS = YES;
				CLANG_WARN_STRICT_PROTOTYPES = YES;
				CLANG_WARN_SUSPICIOUS_MOVE = YES;
				CLANG_WARN_UNGUARDED_AVAILABILITY = YES_AGGRESSIVE;
				CLANG_WARN_UNREACHABLE_CODE = YES;
				CLANG_WARN__DUPLICATE_METHOD_MATCH = YES;
				COPY_PHASE_STRIP = NO;
				DEBUG_INFORMATION_FORMAT = dwarf;
				ENABLE_STRICT_OBJC_MSGSEND = YES;
				ENABLE_TESTABILITY = YES;
				GCC_C_LANGUAGE_STANDARD = gnu11;
				GCC_DYNAMIC_NO_PIC = NO;
				GCC_NO_COMMON_BLOCKS = YES;
				GCC_OPTIMIZATION_LEVEL = 0;
				GCC_PREPROCESSOR_DEFINITIONS = (
					"DEBUG=1",
					"$(inherited)",
				);
				GCC_WARN_64_TO_32_BIT_CONVERSION = YES;
				GCC_WARN_ABOUT_RETURN_TYPE = YES_ERROR;
				GCC_WARN_UNDECLARED_SELECTOR = YES;
				GCC_WARN_UNINITIALIZED_AUTOS = YES_AGGRESSIVE;
				GCC_WARN_UNUSED_FUNCTION = YES;
				GCC_WARN_UNUSED_VARIABLE = YES;
				IPHONEOS_DEPLOYMENT_TARGET = 13.7;
				MTL_ENABLE_DEBUG_INFO = INCLUDE_SOURCE;
				MTL_FAST_MATH = YES;
				ONLY_ACTIVE_ARCH = YES;
				SDKROOT = iphoneos;
				SWIFT_ACTIVE_COMPILATION_CONDITIONS = DEBUG;
				SWIFT_OPTIMIZATION_LEVEL = "-Onone";
			};
			name = Debug;
		};
		439ACE1025C1B98100B03BFB /* Release */ = {
			isa = XCBuildConfiguration;
			buildSettings = {
				ALWAYS_SEARCH_USER_PATHS = NO;
				CLANG_ANALYZER_NONNULL = YES;
				CLANG_ANALYZER_NUMBER_OBJECT_CONVERSION = YES_AGGRESSIVE;
				CLANG_CXX_LANGUAGE_STANDARD = "gnu++14";
				CLANG_CXX_LIBRARY = "libc++";
				CLANG_ENABLE_MODULES = YES;
				CLANG_ENABLE_OBJC_ARC = YES;
				CLANG_ENABLE_OBJC_WEAK = YES;
				CLANG_WARN_BLOCK_CAPTURE_AUTORELEASING = YES;
				CLANG_WARN_BOOL_CONVERSION = YES;
				CLANG_WARN_COMMA = YES;
				CLANG_WARN_CONSTANT_CONVERSION = YES;
				CLANG_WARN_DEPRECATED_OBJC_IMPLEMENTATIONS = YES;
				CLANG_WARN_DIRECT_OBJC_ISA_USAGE = YES_ERROR;
				CLANG_WARN_DOCUMENTATION_COMMENTS = YES;
				CLANG_WARN_EMPTY_BODY = YES;
				CLANG_WARN_ENUM_CONVERSION = YES;
				CLANG_WARN_INFINITE_RECURSION = YES;
				CLANG_WARN_INT_CONVERSION = YES;
				CLANG_WARN_NON_LITERAL_NULL_CONVERSION = YES;
				CLANG_WARN_OBJC_IMPLICIT_RETAIN_SELF = YES;
				CLANG_WARN_OBJC_LITERAL_CONVERSION = YES;
				CLANG_WARN_OBJC_ROOT_CLASS = YES_ERROR;
				CLANG_WARN_RANGE_LOOP_ANALYSIS = YES;
				CLANG_WARN_STRICT_PROTOTYPES = YES;
				CLANG_WARN_SUSPICIOUS_MOVE = YES;
				CLANG_WARN_UNGUARDED_AVAILABILITY = YES_AGGRESSIVE;
				CLANG_WARN_UNREACHABLE_CODE = YES;
				CLANG_WARN__DUPLICATE_METHOD_MATCH = YES;
				COPY_PHASE_STRIP = NO;
				DEBUG_INFORMATION_FORMAT = "dwarf-with-dsym";
				ENABLE_NS_ASSERTIONS = NO;
				ENABLE_STRICT_OBJC_MSGSEND = YES;
				GCC_C_LANGUAGE_STANDARD = gnu11;
				GCC_NO_COMMON_BLOCKS = YES;
				GCC_WARN_64_TO_32_BIT_CONVERSION = YES;
				GCC_WARN_ABOUT_RETURN_TYPE = YES_ERROR;
				GCC_WARN_UNDECLARED_SELECTOR = YES;
				GCC_WARN_UNINITIALIZED_AUTOS = YES_AGGRESSIVE;
				GCC_WARN_UNUSED_FUNCTION = YES;
				GCC_WARN_UNUSED_VARIABLE = YES;
				IPHONEOS_DEPLOYMENT_TARGET = 13.7;
				MTL_ENABLE_DEBUG_INFO = NO;
				MTL_FAST_MATH = YES;
				SDKROOT = iphoneos;
				SWIFT_COMPILATION_MODE = wholemodule;
				SWIFT_OPTIMIZATION_LEVEL = "-O";
				VALIDATE_PRODUCT = YES;
			};
			name = Release;
		};
		439ACE1225C1B98100B03BFB /* Debug */ = {
			isa = XCBuildConfiguration;
			buildSettings = {
				ASSETCATALOG_COMPILER_APPICON_NAME = AppIcon;
				CODE_SIGN_STYLE = Automatic;
				DEVELOPMENT_ASSET_PATHS = "\"Measurement/Preview Content\"";
				DEVELOPMENT_TEAM = DM75P97468;
				ENABLE_PREVIEWS = YES;
				INFOPLIST_FILE = Measurement/Info.plist;
				LD_RUNPATH_SEARCH_PATHS = (
					"$(inherited)",
					"@executable_path/Frameworks",
				);
				PRODUCT_BUNDLE_IDENTIFIER = appsbyahrens.Measurement;
				PRODUCT_NAME = "$(TARGET_NAME)";
				SWIFT_VERSION = 5.0;
				TARGETED_DEVICE_FAMILY = "1,2";
			};
			name = Debug;
		};
		439ACE1325C1B98100B03BFB /* Release */ = {
			isa = XCBuildConfiguration;
			buildSettings = {
				ASSETCATALOG_COMPILER_APPICON_NAME = AppIcon;
				CODE_SIGN_STYLE = Automatic;
				DEVELOPMENT_ASSET_PATHS = "\"Measurement/Preview Content\"";
				DEVELOPMENT_TEAM = DM75P97468;
				ENABLE_PREVIEWS = YES;
				INFOPLIST_FILE = Measurement/Info.plist;
				LD_RUNPATH_SEARCH_PATHS = (
					"$(inherited)",
					"@executable_path/Frameworks",
				);
				PRODUCT_BUNDLE_IDENTIFIER = appsbyahrens.Measurement;
				PRODUCT_NAME = "$(TARGET_NAME)";
				SWIFT_VERSION = 5.0;
				TARGETED_DEVICE_FAMILY = "1,2";
			};
			name = Release;
		};
/* End XCBuildConfiguration section */

/* Begin XCConfigurationList section */
		439ACDF825C1B98000B03BFB /* Build configuration list for PBXProject "Measurement" */ = {
			isa = XCConfigurationList;
			buildConfigurations = (
				439ACE0F25C1B98100B03BFB /* Debug */,
				439ACE1025C1B98100B03BFB /* Release */,
			);
			defaultConfigurationIsVisible = 0;
			defaultConfigurationName = Release;
		};
		439ACE1125C1B98100B03BFB /* Build configuration list for PBXNativeTarget "Measurement" */ = {
			isa = XCConfigurationList;
			buildConfigurations = (
				439ACE1225C1B98100B03BFB /* Debug */,
				439ACE1325C1B98100B03BFB /* Release */,
			);
			defaultConfigurationIsVisible = 0;
			defaultConfigurationName = Release;
		};
/* End XCConfigurationList section */
	};
	rootObject = 439ACDF525C1B98000B03BFB /* Project object */;
}
